// !$*UTF8*$!
{
	archiveVersion = 1;
	classes = {
	};
	objectVersion = 48;
	objects = {

/* Begin PBXBuildFile section */
		1847B45E1FFC356E00FC4C3D /* AppDelegate.swift in Sources */ = {isa = PBXBuildFile; fileRef = 1847B45D1FFC356E00FC4C3D /* AppDelegate.swift */; };
		1847B4601FFC356F00FC4C3D /* ViewController.swift in Sources */ = {isa = PBXBuildFile; fileRef = 1847B45F1FFC356F00FC4C3D /* ViewController.swift */; };
		1847B4631FFC356F00FC4C3D /* Main.storyboard in Resources */ = {isa = PBXBuildFile; fileRef = 1847B4611FFC356F00FC4C3D /* Main.storyboard */; };
		1847B4651FFC356F00FC4C3D /* Assets.xcassets in Resources */ = {isa = PBXBuildFile; fileRef = 1847B4641FFC356F00FC4C3D /* Assets.xcassets */; };
		1847B4681FFC356F00FC4C3D /* LaunchScreen.storyboard in Resources */ = {isa = PBXBuildFile; fileRef = 1847B4661FFC356F00FC4C3D /* LaunchScreen.storyboard */; };
		184F78C01FFC7074004B8FF7 /* WebviewViewController.swift in Sources */ = {isa = PBXBuildFile; fileRef = 184F78BF1FFC7074004B8FF7 /* WebviewViewController.swift */; };
		18F957FD1FFC470200B4EAC5 /* ArticleCell.swift in Sources */ = {isa = PBXBuildFile; fileRef = 18F957FC1FFC470200B4EAC5 /* ArticleCell.swift */; };
		18F957FF1FFC484600B4EAC5 /* Article.swift in Sources */ = {isa = PBXBuildFile; fileRef = 18F957FE1FFC484600B4EAC5 /* Article.swift */; };
		18F958011FFC4A6200B4EAC5 /* ImageDownload.swift in Sources */ = {isa = PBXBuildFile; fileRef = 18F958001FFC4A6200B4EAC5 /* ImageDownload.swift */; };
		D754BB755C1AA18B288A482A /* Pods_News_Reader.framework in Frameworks */ = {isa = PBXBuildFile; fileRef = 0F07CD27B676C44F1C9C8AB4 /* Pods_News_Reader.framework */; };
/* End PBXBuildFile section */

/* Begin PBXFileReference section */
		0F07CD27B676C44F1C9C8AB4 /* Pods_News_Reader.framework */ = {isa = PBXFileReference; explicitFileType = wrapper.framework; includeInIndex = 0; path = Pods_News_Reader.framework; sourceTree = BUILT_PRODUCTS_DIR; };
		1847B45A1FFC356E00FC4C3D /* News Reader.app */ = {isa = PBXFileReference; explicitFileType = wrapper.application; includeInIndex = 0; path = "News Reader.app"; sourceTree = BUILT_PRODUCTS_DIR; };
		1847B45D1FFC356E00FC4C3D /* AppDelegate.swift */ = {isa = PBXFileReference; lastKnownFileType = sourcecode.swift; path = AppDelegate.swift; sourceTree = "<group>"; };
		1847B45F1FFC356F00FC4C3D /* ViewController.swift */ = {isa = PBXFileReference; lastKnownFileType = sourcecode.swift; path = ViewController.swift; sourceTree = "<group>"; };
		1847B4621FFC356F00FC4C3D /* Base */ = {isa = PBXFileReference; lastKnownFileType = file.storyboard; name = Base; path = Base.lproj/Main.storyboard; sourceTree = "<group>"; };
		1847B4641FFC356F00FC4C3D /* Assets.xcassets */ = {isa = PBXFileReference; lastKnownFileType = folder.assetcatalog; path = Assets.xcassets; sourceTree = "<group>"; };
		1847B4671FFC356F00FC4C3D /* Base */ = {isa = PBXFileReference; lastKnownFileType = file.storyboard; name = Base; path = Base.lproj/LaunchScreen.storyboard; sourceTree = "<group>"; };
		1847B4691FFC356F00FC4C3D /* Info.plist */ = {isa = PBXFileReference; lastKnownFileType = text.plist.xml; path = Info.plist; sourceTree = "<group>"; };
		184F78BF1FFC7074004B8FF7 /* WebviewViewController.swift */ = {isa = PBXFileReference; fileEncoding = 4; lastKnownFileType = sourcecode.swift; path = WebviewViewController.swift; sourceTree = "<group>"; };
		18F957FC1FFC470200B4EAC5 /* ArticleCell.swift */ = {isa = PBXFileReference; fileEncoding = 4; lastKnownFileType = sourcecode.swift; path = ArticleCell.swift; sourceTree = "<group>"; };
		18F957FE1FFC484600B4EAC5 /* Article.swift */ = {isa = PBXFileReference; fileEncoding = 4; lastKnownFileType = sourcecode.swift; path = Article.swift; sourceTree = "<group>"; };
		18F958001FFC4A6200B4EAC5 /* ImageDownload.swift */ = {isa = PBXFileReference; fileEncoding = 4; lastKnownFileType = sourcecode.swift; path = ImageDownload.swift; sourceTree = "<group>"; };
		468B9BA90CE4027D2E1F0FA9 /* Pods-News Reader.debug.xcconfig */ = {isa = PBXFileReference; includeInIndex = 1; lastKnownFileType = text.xcconfig; name = "Pods-News Reader.debug.xcconfig"; path = "Pods/Target Support Files/Pods-News Reader/Pods-News Reader.debug.xcconfig"; sourceTree = "<group>"; };
		9F2C122B19814457A7B7F792 /* Pods-News Reader.release.xcconfig */ = {isa = PBXFileReference; includeInIndex = 1; lastKnownFileType = text.xcconfig; name = "Pods-News Reader.release.xcconfig"; path = "Pods/Target Support Files/Pods-News Reader/Pods-News Reader.release.xcconfig"; sourceTree = "<group>"; };
/* End PBXFileReference section */

/* Begin PBXFrameworksBuildPhase section */
		1847B4571FFC356E00FC4C3D /* Frameworks */ = {
			isa = PBXFrameworksBuildPhase;
			buildActionMask = 2147483647;
			files = (
				D754BB755C1AA18B288A482A /* Pods_News_Reader.framework in Frameworks */,
			);
			runOnlyForDeploymentPostprocessing = 0;
		};
/* End PBXFrameworksBuildPhase section */

/* Begin PBXGroup section */
		1847B4511FFC356E00FC4C3D = {
			isa = PBXGroup;
			children = (
				1847B45C1FFC356E00FC4C3D /* News Reader */,
				1847B45B1FFC356E00FC4C3D /* Products */,
				41745287D853C6E064F8BD77 /* Pods */,
				ABED0166C2D1B6FD30DD4D92 /* Frameworks */,
			);
			sourceTree = "<group>";
		};
		1847B45B1FFC356E00FC4C3D /* Products */ = {
			isa = PBXGroup;
			children = (
				1847B45A1FFC356E00FC4C3D /* News Reader.app */,
			);
			name = Products;
			sourceTree = "<group>";
		};
		1847B45C1FFC356E00FC4C3D /* News Reader */ = {
			isa = PBXGroup;
			children = (
				1847B45D1FFC356E00FC4C3D /* AppDelegate.swift */,
				1847B45F1FFC356F00FC4C3D /* ViewController.swift */,
				18F957FC1FFC470200B4EAC5 /* ArticleCell.swift */,
				18F957FE1FFC484600B4EAC5 /* Article.swift */,
				18F958001FFC4A6200B4EAC5 /* ImageDownload.swift */,
				184F78BF1FFC7074004B8FF7 /* WebviewViewController.swift */,
				1847B4611FFC356F00FC4C3D /* Main.storyboard */,
				1847B4641FFC356F00FC4C3D /* Assets.xcassets */,
				1847B4661FFC356F00FC4C3D /* LaunchScreen.storyboard */,
				1847B4691FFC356F00FC4C3D /* Info.plist */,
			);
			path = "News Reader";
			sourceTree = "<group>";
		};
		41745287D853C6E064F8BD77 /* Pods */ = {
			isa = PBXGroup;
			children = (
				468B9BA90CE4027D2E1F0FA9 /* Pods-News Reader.debug.xcconfig */,
				9F2C122B19814457A7B7F792 /* Pods-News Reader.release.xcconfig */,
			);
			name = Pods;
			sourceTree = "<group>";
		};
		ABED0166C2D1B6FD30DD4D92 /* Frameworks */ = {
			isa = PBXGroup;
			children = (
				0F07CD27B676C44F1C9C8AB4 /* Pods_News_Reader.framework */,
			);
			name = Frameworks;
			sourceTree = "<group>";
		};
/* End PBXGroup section */

/* Begin PBXNativeTarget section */
		1847B4591FFC356E00FC4C3D /* News Reader */ = {
			isa = PBXNativeTarget;
			buildConfigurationList = 1847B46C1FFC356F00FC4C3D /* Build configuration list for PBXNativeTarget "News Reader" */;
			buildPhases = (
				643017226F8DB2F5111EB4E5 /* [CP] Check Pods Manifest.lock */,
				1847B4561FFC356E00FC4C3D /* Sources */,
				1847B4571FFC356E00FC4C3D /* Frameworks */,
				1847B4581FFC356E00FC4C3D /* Resources */,
				298E4C7D0E12052B8B8F0F68 /* [CP] Embed Pods Frameworks */,
				45C86708060582D541AA595A /* [CP] Copy Pods Resources */,
			);
			buildRules = (
			);
			dependencies = (
			);
			name = "News Reader";
			productName = "News Reader";
			productReference = 1847B45A1FFC356E00FC4C3D /* News Reader.app */;
			productType = "com.apple.product-type.application";
		};
/* End PBXNativeTarget section */

/* Begin PBXProject section */
		1847B4521FFC356E00FC4C3D /* Project object */ = {
			isa = PBXProject;
			attributes = {
				LastSwiftUpdateCheck = 0920;
				LastUpgradeCheck = 0920;
				ORGANIZATIONNAME = "Dmitrii Poliakov";
				TargetAttributes = {
					1847B4591FFC356E00FC4C3D = {
						CreatedOnToolsVersion = 9.2;
						ProvisioningStyle = Automatic;
					};
				};
			};
			buildConfigurationList = 1847B4551FFC356E00FC4C3D /* Build configuration list for PBXProject "News Reader" */;
			compatibilityVersion = "Xcode 8.0";
			developmentRegion = en;
			hasScannedForEncodings = 0;
			knownRegions = (
				en,
				Base,
			);
			mainGroup = 1847B4511FFC356E00FC4C3D;
			productRefGroup = 1847B45B1FFC356E00FC4C3D /* Products */;
			projectDirPath = "";
			projectRoot = "";
			targets = (
				1847B4591FFC356E00FC4C3D /* News Reader */,
			);
		};
/* End PBXProject section */

/* Begin PBXResourcesBuildPhase section */
		1847B4581FFC356E00FC4C3D /* Resources */ = {
			isa = PBXResourcesBuildPhase;
			buildActionMask = 2147483647;
			files = (
				1847B4681FFC356F00FC4C3D /* LaunchScreen.storyboard in Resources */,
				1847B4651FFC356F00FC4C3D /* Assets.xcassets in Resources */,
				1847B4631FFC356F00FC4C3D /* Main.storyboard in Resources */,
			);
			runOnlyForDeploymentPostprocessing = 0;
		};
/* End PBXResourcesBuildPhase section */

/* Begin PBXShellScriptBuildPhase section */
		298E4C7D0E12052B8B8F0F68 /* [CP] Embed Pods Frameworks */ = {
			isa = PBXShellScriptBuildPhase;
			buildActionMask = 2147483647;
			files = (
			);
			inputPaths = (
				"${SRCROOT}/Pods/Target Support Files/Pods-News Reader/Pods-News Reader-frameworks.sh",
				"${BUILT_PRODUCTS_DIR}/SVProgressHUD/SVProgressHUD.framework",
			);
			name = "[CP] Embed Pods Frameworks";
			outputPaths = (
				"${TARGET_BUILD_DIR}/${FRAMEWORKS_FOLDER_PATH}/SVProgressHUD.framework",
			);
			runOnlyForDeploymentPostprocessing = 0;
			shellPath = /bin/sh;
			shellScript = "\"${SRCROOT}/Pods/Target Support Files/Pods-News Reader/Pods-News Reader-frameworks.sh\"\n";
			showEnvVarsInLog = 0;
		};
		45C86708060582D541AA595A /* [CP] Copy Pods Resources */ = {
			isa = PBXShellScriptBuildPhase;
			buildActionMask = 2147483647;
			files = (
			);
			inputPaths = (
			);
			name = "[CP] Copy Pods Resources";
			outputPaths = (
			);
			runOnlyForDeploymentPostprocessing = 0;
			shellPath = /bin/sh;
			shellScript = "\"${SRCROOT}/Pods/Target Support Files/Pods-News Reader/Pods-News Reader-resources.sh\"\n";
			showEnvVarsInLog = 0;
		};
		643017226F8DB2F5111EB4E5 /* [CP] Check Pods Manifest.lock */ = {
			isa = PBXShellScriptBuildPhase;
			buildActionMask = 2147483647;
			files = (
			);
			inputPaths = (
				"${PODS_PODFILE_DIR_PATH}/Podfile.lock",
				"${PODS_ROOT}/Manifest.lock",
			);
			name = "[CP] Check Pods Manifest.lock";
			outputPaths = (
				"$(DERIVED_FILE_DIR)/Pods-News Reader-checkManifestLockResult.txt",
			);
			runOnlyForDeploymentPostprocessing = 0;
			shellPath = /bin/sh;
			shellScript = "diff \"${PODS_PODFILE_DIR_PATH}/Podfile.lock\" \"${PODS_ROOT}/Manifest.lock\" > /dev/null\nif [ $? != 0 ] ; then\n    # print error to STDERR\n    echo \"error: The sandbox is not in sync with the Podfile.lock. Run 'pod install' or update your CocoaPods installation.\" >&2\n    exit 1\nfi\n# This output is used by Xcode 'outputs' to avoid re-running this script phase.\necho \"SUCCESS\" > \"${SCRIPT_OUTPUT_FILE_0}\"\n";
			showEnvVarsInLog = 0;
		};
/* End PBXShellScriptBuildPhase section */

/* Begin PBXSourcesBuildPhase section */
		1847B4561FFC356E00FC4C3D /* Sources */ = {
			isa = PBXSourcesBuildPhase;
			buildActionMask = 2147483647;
			files = (
				18F958011FFC4A6200B4EAC5 /* ImageDownload.swift in Sources */,
				18F957FF1FFC484600B4EAC5 /* Article.swift in Sources */,
				1847B4601FFC356F00FC4C3D /* ViewController.swift in Sources */,
				1847B45E1FFC356E00FC4C3D /* AppDelegate.swift in Sources */,
				184F78C01FFC7074004B8FF7 /* WebviewViewController.swift in Sources */,
				18F957FD1FFC470200B4EAC5 /* ArticleCell.swift in Sources */,
			);
			runOnlyForDeploymentPostprocessing = 0;
		};
/* End PBXSourcesBuildPhase section */

/* Begin PBXVariantGroup section */
		1847B4611FFC356F00FC4C3D /* Main.storyboard */ = {
			isa = PBXVariantGroup;
			children = (
				1847B4621FFC356F00FC4C3D /* Base */,
			);
			name = Main.storyboard;
			sourceTree = "<group>";
		};
		1847B4661FFC356F00FC4C3D /* LaunchScreen.storyboard */ = {
			isa = PBXVariantGroup;
			children = (
				1847B4671FFC356F00FC4C3D /* Base */,
			);
			name = LaunchScreen.storyboard;
			sourceTree = "<group>";
		};
/* End PBXVariantGroup section */

/* Begin XCBuildConfiguration section */
		1847B46A1FFC356F00FC4C3D /* Debug */ = {
			isa = XCBuildConfiguration;
			buildSettings = {
				ALWAYS_SEARCH_USER_PATHS = NO;
				CLANG_ANALYZER_NONNULL = YES;
				CLANG_ANALYZER_NUMBER_OBJECT_CONVERSION = YES_AGGRESSIVE;
				CLANG_CXX_LANGUAGE_STANDARD = "gnu++14";
				CLANG_CXX_LIBRARY = "libc++";
				CLANG_ENABLE_MODULES = YES;
				CLANG_ENABLE_OBJC_ARC = YES;
				CLANG_WARN_BLOCK_CAPTURE_AUTORELEASING = YES;
				CLANG_WARN_BOOL_CONVERSION = YES;
				CLANG_WARN_COMMA = YES;
				CLANG_WARN_CONSTANT_CONVERSION = YES;
				CLANG_WARN_DIRECT_OBJC_ISA_USAGE = YES_ERROR;
				CLANG_WARN_DOCUMENTATION_COMMENTS = YES;
				CLANG_WARN_EMPTY_BODY = YES;
				CLANG_WARN_ENUM_CONVERSION = YES;
				CLANG_WARN_INFINITE_RECURSION = YES;
				CLANG_WARN_INT_CONVERSION = YES;
				CLANG_WARN_NON_LITERAL_NULL_CONVERSION = YES;
				CLANG_WARN_OBJC_LITERAL_CONVERSION = YES;
				CLANG_WARN_OBJC_ROOT_CLASS = YES_ERROR;
				CLANG_WARN_RANGE_LOOP_ANALYSIS = YES;
				CLANG_WARN_STRICT_PROTOTYPES = YES;
				CLANG_WARN_SUSPICIOUS_MOVE = YES;
				CLANG_WARN_UNGUARDED_AVAILABILITY = YES_AGGRESSIVE;
				CLANG_WARN_UNREACHABLE_CODE = YES;
				CLANG_WARN__DUPLICATE_METHOD_MATCH = YES;
				CODE_SIGN_IDENTITY = "iPhone Developer";
				COPY_PHASE_STRIP = NO;
				DEBUG_INFORMATION_FORMAT = dwarf;
				ENABLE_STRICT_OBJC_MSGSEND = YES;
				ENABLE_TESTABILITY = YES;
				GCC_C_LANGUAGE_STANDARD = gnu11;
				GCC_DYNAMIC_NO_PIC = NO;
				GCC_NO_COMMON_BLOCKS = YES;
				GCC_OPTIMIZATION_LEVEL = 0;
				GCC_PREPROCESSOR_DEFINITIONS = (
					"DEBUG=1",
					"$(inherited)",
				);
				GCC_WARN_64_TO_32_BIT_CONVERSION = YES;
				GCC_WARN_ABOUT_RETURN_TYPE = YES_ERROR;
				GCC_WARN_UNDECLARED_SELECTOR = YES;
				GCC_WARN_UNINITIALIZED_AUTOS = YES_AGGRESSIVE;
				GCC_WARN_UNUSED_FUNCTION = YES;
				GCC_WARN_UNUSED_VARIABLE = YES;
				IPHONEOS_DEPLOYMENT_TARGET = 11.2;
				MTL_ENABLE_DEBUG_INFO = YES;
				ONLY_ACTIVE_ARCH = YES;
				SDKROOT = iphoneos;
				SWIFT_ACTIVE_COMPILATION_CONDITIONS = DEBUG;
				SWIFT_OPTIMIZATION_LEVEL = "-Onone";
			};
			name = Debug;
		};
		1847B46B1FFC356F00FC4C3D /* Release */ = {
			isa = XCBuildConfiguration;
			buildSettings = {
				ALWAYS_SEARCH_USER_PATHS = NO;
				CLANG_ANALYZER_NONNULL = YES;
				CLANG_ANALYZER_NUMBER_OBJECT_CONVERSION = YES_AGGRESSIVE;
				CLANG_CXX_LANGUAGE_STANDARD = "gnu++14";
				CLANG_CXX_LIBRARY = "libc++";
				CLANG_ENABLE_MODULES = YES;
				CLANG_ENABLE_OBJC_ARC = YES;
				CLANG_WARN_BLOCK_CAPTURE_AUTORELEASING = YES;
				CLANG_WARN_BOOL_CONVERSION = YES;
				CLANG_WARN_COMMA = YES;
				CLANG_WARN_CONSTANT_CONVERSION = YES;
				CLANG_WARN_DIRECT_OBJC_ISA_USAGE = YES_ERROR;
				CLANG_WARN_DOCUMENTATION_COMMENTS = YES;
				CLANG_WARN_EMPTY_BODY = YES;
				CLANG_WARN_ENUM_CONVERSION = YES;
				CLANG_WARN_INFINITE_RECURSION = YES;
				CLANG_WARN_INT_CONVERSION = YES;
				CLANG_WARN_NON_LITERAL_NULL_CONVERSION = YES;
				CLANG_WARN_OBJC_LITERAL_CONVERSION = YES;
				CLANG_WARN_OBJC_ROOT_CLASS = YES_ERROR;
				CLANG_WARN_RANGE_LOOP_ANALYSIS = YES;
				CLANG_WARN_STRICT_PROTOTYPES = YES;
				CLANG_WARN_SUSPICIOUS_MOVE = YES;
				CLANG_WARN_UNGUARDED_AVAILABILITY = YES_AGGRESSIVE;
				CLANG_WARN_UNREACHABLE_CODE = YES;
				CLANG_WARN__DUPLICATE_METHOD_MATCH = YES;
				CODE_SIGN_IDENTITY = "iPhone Developer";
				COPY_PHASE_STRIP = NO;
				DEBUG_INFORMATION_FORMAT = "dwarf-with-dsym";
				ENABLE_NS_ASSERTIONS = NO;
				ENABLE_STRICT_OBJC_MSGSEND = YES;
				GCC_C_LANGUAGE_STANDARD = gnu11;
				GCC_NO_COMMON_BLOCKS = YES;
				GCC_WARN_64_TO_32_BIT_CONVERSION = YES;
				GCC_WARN_ABOUT_RETURN_TYPE = YES_ERROR;
				GCC_WARN_UNDECLARED_SELECTOR = YES;
				GCC_WARN_UNINITIALIZED_AUTOS = YES_AGGRESSIVE;
				GCC_WARN_UNUSED_FUNCTION = YES;
				GCC_WARN_UNUSED_VARIABLE = YES;
				IPHONEOS_DEPLOYMENT_TARGET = 11.2;
				MTL_ENABLE_DEBUG_INFO = NO;
				SDKROOT = iphoneos;
				SWIFT_OPTIMIZATION_LEVEL = "-Owholemodule";
				VALIDATE_PRODUCT = YES;
			};
			name = Release;
		};
		1847B46D1FFC356F00FC4C3D /* Debug */ = {
			isa = XCBuildConfiguration;
			baseConfigurationReference = 468B9BA90CE4027D2E1F0FA9 /* Pods-News Reader.debug.xcconfig */;
			buildSettings = {
				ASSETCATALOG_COMPILER_APPICON_NAME = AppIcon;
				CODE_SIGN_STYLE = Automatic;
				DEVELOPMENT_TEAM = 4HU7RKGSYM;
				INFOPLIST_FILE = "News Reader/Info.plist";
				LD_RUNPATH_SEARCH_PATHS = "$(inherited) @executable_path/Frameworks";
				PRODUCT_BUNDLE_IDENTIFIER = "com.dmitriipoliakov.News-Reader";
				PRODUCT_NAME = "$(TARGET_NAME)";
				SWIFT_VERSION = 4.0;
				TARGETED_DEVICE_FAMILY = "1,2";
			};
			name = Debug;
		};
		1847B46E1FFC356F00FC4C3D /* Release */ = {
			isa = XCBuildConfiguration;
			baseConfigurationReference = 9F2C122B19814457A7B7F792 /* Pods-News Reader.release.xcconfig */;
			buildSettings = {
				ASSETCATALOG_COMPILER_APPICON_NAME = AppIcon;
				CODE_SIGN_STYLE = Automatic;
				DEVELOPMENT_TEAM = 4HU7RKGSYM;
				INFOPLIST_FILE = "News Reader/Info.plist";
				LD_RUNPATH_SEARCH_PATHS = "$(inherited) @executable_path/Frameworks";
				PRODUCT_BUNDLE_IDENTIFIER = "com.dmitriipoliakov.News-Reader";
				PRODUCT_NAME = "$(TARGET_NAME)";
				SWIFT_VERSION = 4.0;
				TARGETED_DEVICE_FAMILY = "1,2";
			};
			name = Release;
		};
/* End XCBuildConfiguration section */

/* Begin XCConfigurationList section */
		1847B4551FFC356E00FC4C3D /* Build configuration list for PBXProject "News Reader" */ = {
			isa = XCConfigurationList;
			buildConfigurations = (
				1847B46A1FFC356F00FC4C3D /* Debug */,
				1847B46B1FFC356F00FC4C3D /* Release */,
			);
			defaultConfigurationIsVisible = 0;
			defaultConfigurationName = Release;
		};
		1847B46C1FFC356F00FC4C3D /* Build configuration list for PBXNativeTarget "News Reader" */ = {
			isa = XCConfigurationList;
			buildConfigurations = (
				1847B46D1FFC356F00FC4C3D /* Debug */,
				1847B46E1FFC356F00FC4C3D /* Release */,
			);
			defaultConfigurationIsVisible = 0;
			defaultConfigurationName = Release;
		};
/* End XCConfigurationList section */
	};
	rootObject = 1847B4521FFC356E00FC4C3D /* Project object */;
}
